// !$*UTF8*$!
{
	archiveVersion = 1;
	classes = {
	};
	objectVersion = 55;
	objects = {

/* Begin PBXBuildFile section */
		2B38F78A29C155180077099A /* AppDelegate.swift in Sources */ = {isa = PBXBuildFile; fileRef = 2B38F78929C155180077099A /* AppDelegate.swift */; };
		2B38F78C29C155180077099A /* SceneDelegate.swift in Sources */ = {isa = PBXBuildFile; fileRef = 2B38F78B29C155180077099A /* SceneDelegate.swift */; };
		2B38F79329C155190077099A /* Assets.xcassets in Resources */ = {isa = PBXBuildFile; fileRef = 2B38F79229C155190077099A /* Assets.xcassets */; };
		2B38F79629C155190077099A /* LaunchScreen.storyboard in Resources */ = {isa = PBXBuildFile; fileRef = 2B38F79429C155190077099A /* LaunchScreen.storyboard */; };
		2B38F7AC29C15EBE0077099A /* SplashViewController.swift in Sources */ = {isa = PBXBuildFile; fileRef = 2B38F7AB29C15EBE0077099A /* SplashViewController.swift */; };
		2B38F7AF29C1609B0077099A /* UIView+Constraints.swift in Sources */ = {isa = PBXBuildFile; fileRef = 2B38F7AE29C1609B0077099A /* UIView+Constraints.swift */; };
		2B38F7B229C162340077099A /* SystemConstants.swift in Sources */ = {isa = PBXBuildFile; fileRef = 2B38F7B129C162340077099A /* SystemConstants.swift */; };
		2B38F7B429C1624E0077099A /* SplashScreenConstants.swift in Sources */ = {isa = PBXBuildFile; fileRef = 2B38F7B329C1624E0077099A /* SplashScreenConstants.swift */; };
		2B38F7B629C16BAE0077099A /* NewsResponseModel.swift in Sources */ = {isa = PBXBuildFile; fileRef = 2B38F7B529C16BAE0077099A /* NewsResponseModel.swift */; };
		2B38F7B829C16C6C0077099A /* NewsAssetModel.swift in Sources */ = {isa = PBXBuildFile; fileRef = 2B38F7B729C16C6C0077099A /* NewsAssetModel.swift */; };
		2B38F7BA29C16CD20077099A /* NewsImageModel.swift in Sources */ = {isa = PBXBuildFile; fileRef = 2B38F7B929C16CD20077099A /* NewsImageModel.swift */; };
		2B38F7BC29C171490077099A /* NetworkService.swift in Sources */ = {isa = PBXBuildFile; fileRef = 2B38F7BB29C171490077099A /* NetworkService.swift */; };
		2B38F7C029C1722E0077099A /* NetworkErrors.swift in Sources */ = {isa = PBXBuildFile; fileRef = 2B38F7BF29C1722E0077099A /* NetworkErrors.swift */; };
		2B38F7C229C174170077099A /* NetworkConstants.swift in Sources */ = {isa = PBXBuildFile; fileRef = 2B38F7C129C174170077099A /* NetworkConstants.swift */; };
		2B38F7C729C1908F0077099A /* Coordinator.swift in Sources */ = {isa = PBXBuildFile; fileRef = 2B38F7C629C1908F0077099A /* Coordinator.swift */; };
		2B38F7C929C190DF0077099A /* MainCoordinator.swift in Sources */ = {isa = PBXBuildFile; fileRef = 2B38F7C829C190DF0077099A /* MainCoordinator.swift */; };
		2B38F7CB29C1955D0077099A /* NewsFeedViewController.swift in Sources */ = {isa = PBXBuildFile; fileRef = 2B38F7CA29C1955D0077099A /* NewsFeedViewController.swift */; };
		2B38F7CD29C1967A0077099A /* NewsAssetManager.swift in Sources */ = {isa = PBXBuildFile; fileRef = 2B38F7CC29C1967A0077099A /* NewsAssetManager.swift */; };
		2B38F7CF29C1CF410077099A /* NewsNetworkService.swift in Sources */ = {isa = PBXBuildFile; fileRef = 2B38F7CE29C1CF410077099A /* NewsNetworkService.swift */; };
		2B38F7D229C1D4560077099A /* Date+Greeting.swift in Sources */ = {isa = PBXBuildFile; fileRef = 2B38F7D129C1D4560077099A /* Date+Greeting.swift */; };
		2B38F7D429C1DE3E0077099A /* SystemNotifications.swift in Sources */ = {isa = PBXBuildFile; fileRef = 2B38F7D329C1DE3E0077099A /* SystemNotifications.swift */; };
		2B38F7D629C1F5250077099A /* NewsFeedCell.swift in Sources */ = {isa = PBXBuildFile; fileRef = 2B38F7D529C1F5250077099A /* NewsFeedCell.swift */; };
		2B38F7D829C1F7480077099A /* NewsFeedScreenConstants.swift in Sources */ = {isa = PBXBuildFile; fileRef = 2B38F7D729C1F7480077099A /* NewsFeedScreenConstants.swift */; };
		2B38F7DA29C1F8580077099A /* NineColors.swift in Sources */ = {isa = PBXBuildFile; fileRef = 2B38F7D929C1F8580077099A /* NineColors.swift */; };
		2B38F7E229C1FEBB0077099A /* NewsFeedViewController+FlowLayoutDelegate.swift in Sources */ = {isa = PBXBuildFile; fileRef = 2B38F7E129C1FEBB0077099A /* NewsFeedViewController+FlowLayoutDelegate.swift */; };
		2B38F7E629C27E220077099A /* WebViewController.swift in Sources */ = {isa = PBXBuildFile; fileRef = 2B38F7E529C27E220077099A /* WebViewController.swift */; };
		2B38F7E829C2831A0077099A /* WebViewerConstants.swift in Sources */ = {isa = PBXBuildFile; fileRef = 2B38F7E729C2831A0077099A /* WebViewerConstants.swift */; };
		2B38F7FC29C2A85D0077099A /* TimeOfDayTests.swift in Sources */ = {isa = PBXBuildFile; fileRef = 2B38F7FB29C2A85D0077099A /* TimeOfDayTests.swift */; };
		2B38F7FF29C2AFB90077099A /* NewsModelAPIMappingTests.swift in Sources */ = {isa = PBXBuildFile; fileRef = 2B38F7FE29C2AFB90077099A /* NewsModelAPIMappingTests.swift */; };
		2B38F80129C2B11A0077099A /* NewsFeedMockServices.swift in Sources */ = {isa = PBXBuildFile; fileRef = 2B38F80029C2B11A0077099A /* NewsFeedMockServices.swift */; };
		2B38F80329C2B22E0077099A /* NewsAssets.json in Resources */ = {isa = PBXBuildFile; fileRef = 2B38F80229C2B22E0077099A /* NewsAssets.json */; };
		2B38F80629C2B8C50077099A /* NewsAssetManagerServiceIntegrationTests.swift in Sources */ = {isa = PBXBuildFile; fileRef = 2B38F80529C2B8C50077099A /* NewsAssetManagerServiceIntegrationTests.swift */; };
		2B38F80829C2BDAA0077099A /* NewsAssetManagerTests.swift in Sources */ = {isa = PBXBuildFile; fileRef = 2B38F80729C2BDAA0077099A /* NewsAssetManagerTests.swift */; };
		2B38F80B29C2BF960077099A /* Int64+Timestamp.swift in Sources */ = {isa = PBXBuildFile; fileRef = 2B38F80A29C2BF960077099A /* Int64+Timestamp.swift */; };
		2B38F81D29C2D6690077099A /* AsyncImageService.swift in Sources */ = {isa = PBXBuildFile; fileRef = 2B38F81C29C2D6690077099A /* AsyncImageService.swift */; };
/* End PBXBuildFile section */

/* Begin PBXContainerItemProxy section */
		2B38F7F629C2A8380077099A /* PBXContainerItemProxy */ = {
			isa = PBXContainerItemProxy;
			containerPortal = 2B38F77E29C155180077099A /* Project object */;
			proxyType = 1;
			remoteGlobalIDString = 2B38F78529C155180077099A;
			remoteInfo = "Nine News Assessment";
		};
/* End PBXContainerItemProxy section */

/* Begin PBXFileReference section */
		2B38F78629C155180077099A /* Nine News Assessment.app */ = {isa = PBXFileReference; explicitFileType = wrapper.application; includeInIndex = 0; path = "Nine News Assessment.app"; sourceTree = BUILT_PRODUCTS_DIR; };
		2B38F78929C155180077099A /* AppDelegate.swift */ = {isa = PBXFileReference; lastKnownFileType = sourcecode.swift; path = AppDelegate.swift; sourceTree = "<group>"; };
		2B38F78B29C155180077099A /* SceneDelegate.swift */ = {isa = PBXFileReference; lastKnownFileType = sourcecode.swift; path = SceneDelegate.swift; sourceTree = "<group>"; };
		2B38F79229C155190077099A /* Assets.xcassets */ = {isa = PBXFileReference; lastKnownFileType = folder.assetcatalog; path = Assets.xcassets; sourceTree = "<group>"; };
		2B38F79529C155190077099A /* Base */ = {isa = PBXFileReference; lastKnownFileType = file.storyboard; name = Base; path = Base.lproj/LaunchScreen.storyboard; sourceTree = "<group>"; };
		2B38F79729C155190077099A /* Info.plist */ = {isa = PBXFileReference; lastKnownFileType = text.plist.xml; path = Info.plist; sourceTree = "<group>"; };
		2B38F7AB29C15EBE0077099A /* SplashViewController.swift */ = {isa = PBXFileReference; lastKnownFileType = sourcecode.swift; path = SplashViewController.swift; sourceTree = "<group>"; };
		2B38F7AE29C1609B0077099A /* UIView+Constraints.swift */ = {isa = PBXFileReference; lastKnownFileType = sourcecode.swift; path = "UIView+Constraints.swift"; sourceTree = "<group>"; };
		2B38F7B129C162340077099A /* SystemConstants.swift */ = {isa = PBXFileReference; lastKnownFileType = sourcecode.swift; path = SystemConstants.swift; sourceTree = "<group>"; };
		2B38F7B329C1624E0077099A /* SplashScreenConstants.swift */ = {isa = PBXFileReference; lastKnownFileType = sourcecode.swift; path = SplashScreenConstants.swift; sourceTree = "<group>"; };
		2B38F7B529C16BAE0077099A /* NewsResponseModel.swift */ = {isa = PBXFileReference; lastKnownFileType = sourcecode.swift; path = NewsResponseModel.swift; sourceTree = "<group>"; };
		2B38F7B729C16C6C0077099A /* NewsAssetModel.swift */ = {isa = PBXFileReference; lastKnownFileType = sourcecode.swift; path = NewsAssetModel.swift; sourceTree = "<group>"; };
		2B38F7B929C16CD20077099A /* NewsImageModel.swift */ = {isa = PBXFileReference; lastKnownFileType = sourcecode.swift; path = NewsImageModel.swift; sourceTree = "<group>"; };
		2B38F7BB29C171490077099A /* NetworkService.swift */ = {isa = PBXFileReference; lastKnownFileType = sourcecode.swift; path = NetworkService.swift; sourceTree = "<group>"; };
		2B38F7BF29C1722E0077099A /* NetworkErrors.swift */ = {isa = PBXFileReference; lastKnownFileType = sourcecode.swift; path = NetworkErrors.swift; sourceTree = "<group>"; };
		2B38F7C129C174170077099A /* NetworkConstants.swift */ = {isa = PBXFileReference; lastKnownFileType = sourcecode.swift; path = NetworkConstants.swift; sourceTree = "<group>"; };
		2B38F7C629C1908F0077099A /* Coordinator.swift */ = {isa = PBXFileReference; lastKnownFileType = sourcecode.swift; path = Coordinator.swift; sourceTree = "<group>"; };
		2B38F7C829C190DF0077099A /* MainCoordinator.swift */ = {isa = PBXFileReference; lastKnownFileType = sourcecode.swift; path = MainCoordinator.swift; sourceTree = "<group>"; };
		2B38F7CA29C1955D0077099A /* NewsFeedViewController.swift */ = {isa = PBXFileReference; lastKnownFileType = sourcecode.swift; path = NewsFeedViewController.swift; sourceTree = "<group>"; };
		2B38F7CC29C1967A0077099A /* NewsAssetManager.swift */ = {isa = PBXFileReference; lastKnownFileType = sourcecode.swift; path = NewsAssetManager.swift; sourceTree = "<group>"; };
		2B38F7CE29C1CF410077099A /* NewsNetworkService.swift */ = {isa = PBXFileReference; lastKnownFileType = sourcecode.swift; path = NewsNetworkService.swift; sourceTree = "<group>"; };
		2B38F7D129C1D4560077099A /* Date+Greeting.swift */ = {isa = PBXFileReference; lastKnownFileType = sourcecode.swift; path = "Date+Greeting.swift"; sourceTree = "<group>"; };
		2B38F7D329C1DE3E0077099A /* SystemNotifications.swift */ = {isa = PBXFileReference; lastKnownFileType = sourcecode.swift; path = SystemNotifications.swift; sourceTree = "<group>"; };
		2B38F7D529C1F5250077099A /* NewsFeedCell.swift */ = {isa = PBXFileReference; lastKnownFileType = sourcecode.swift; path = NewsFeedCell.swift; sourceTree = "<group>"; };
		2B38F7D729C1F7480077099A /* NewsFeedScreenConstants.swift */ = {isa = PBXFileReference; lastKnownFileType = sourcecode.swift; path = NewsFeedScreenConstants.swift; sourceTree = "<group>"; };
		2B38F7D929C1F8580077099A /* NineColors.swift */ = {isa = PBXFileReference; lastKnownFileType = sourcecode.swift; path = NineColors.swift; sourceTree = "<group>"; };
		2B38F7E129C1FEBB0077099A /* NewsFeedViewController+FlowLayoutDelegate.swift */ = {isa = PBXFileReference; lastKnownFileType = sourcecode.swift; path = "NewsFeedViewController+FlowLayoutDelegate.swift"; sourceTree = "<group>"; };
		2B38F7E529C27E220077099A /* WebViewController.swift */ = {isa = PBXFileReference; lastKnownFileType = sourcecode.swift; path = WebViewController.swift; sourceTree = "<group>"; };
		2B38F7E729C2831A0077099A /* WebViewerConstants.swift */ = {isa = PBXFileReference; lastKnownFileType = sourcecode.swift; path = WebViewerConstants.swift; sourceTree = "<group>"; };
		2B38F7F229C2A8380077099A /* Nine News Assessment Unit Tests.xctest */ = {isa = PBXFileReference; explicitFileType = wrapper.cfbundle; includeInIndex = 0; path = "Nine News Assessment Unit Tests.xctest"; sourceTree = BUILT_PRODUCTS_DIR; };
		2B38F7FB29C2A85D0077099A /* TimeOfDayTests.swift */ = {isa = PBXFileReference; lastKnownFileType = sourcecode.swift; path = TimeOfDayTests.swift; sourceTree = "<group>"; };
		2B38F7FE29C2AFB90077099A /* NewsModelAPIMappingTests.swift */ = {isa = PBXFileReference; lastKnownFileType = sourcecode.swift; path = NewsModelAPIMappingTests.swift; sourceTree = "<group>"; };
		2B38F80029C2B11A0077099A /* NewsFeedMockServices.swift */ = {isa = PBXFileReference; lastKnownFileType = sourcecode.swift; path = NewsFeedMockServices.swift; sourceTree = "<group>"; };
		2B38F80229C2B22E0077099A /* NewsAssets.json */ = {isa = PBXFileReference; fileEncoding = 4; lastKnownFileType = text.json; path = NewsAssets.json; sourceTree = "<group>"; };
		2B38F80529C2B8C50077099A /* NewsAssetManagerServiceIntegrationTests.swift */ = {isa = PBXFileReference; lastKnownFileType = sourcecode.swift; path = NewsAssetManagerServiceIntegrationTests.swift; sourceTree = "<group>"; };
		2B38F80729C2BDAA0077099A /* NewsAssetManagerTests.swift */ = {isa = PBXFileReference; lastKnownFileType = sourcecode.swift; path = NewsAssetManagerTests.swift; sourceTree = "<group>"; };
		2B38F80A29C2BF960077099A /* Int64+Timestamp.swift */ = {isa = PBXFileReference; lastKnownFileType = sourcecode.swift; path = "Int64+Timestamp.swift"; sourceTree = "<group>"; };
		2B38F81C29C2D6690077099A /* AsyncImageService.swift */ = {isa = PBXFileReference; lastKnownFileType = sourcecode.swift; path = AsyncImageService.swift; sourceTree = "<group>"; };
/* End PBXFileReference section */

/* Begin PBXFrameworksBuildPhase section */
		2B38F78329C155180077099A /* Frameworks */ = {
			isa = PBXFrameworksBuildPhase;
			buildActionMask = 2147483647;
			files = (
			);
			runOnlyForDeploymentPostprocessing = 0;
		};
		2B38F7EF29C2A8380077099A /* Frameworks */ = {
			isa = PBXFrameworksBuildPhase;
			buildActionMask = 2147483647;
			files = (
			);
			runOnlyForDeploymentPostprocessing = 0;
		};
/* End PBXFrameworksBuildPhase section */

/* Begin PBXGroup section */
		2B38F77D29C155180077099A = {
			isa = PBXGroup;
			children = (
				2B38F78829C155180077099A /* Nine News Assessment */,
				2B38F7F329C2A8380077099A /* Nine News Assessment Unit Tests */,
				2B38F78729C155180077099A /* Products */,
			);
			sourceTree = "<group>";
		};
		2B38F78729C155180077099A /* Products */ = {
			isa = PBXGroup;
			children = (
				2B38F78629C155180077099A /* Nine News Assessment.app */,
				2B38F7F229C2A8380077099A /* Nine News Assessment Unit Tests.xctest */,
			);
			name = Products;
			sourceTree = "<group>";
		};
		2B38F78829C155180077099A /* Nine News Assessment */ = {
			isa = PBXGroup;
			children = (
				2B38F79D29C155A60077099A /* System */,
				2B38F7A729C1584E0077099A /* Helpers & Utilities */,
				2B38F7A829C1587E0077099A /* Networking */,
				2B38F7E929C2941D0077099A /* Data & Models */,
				2B38F79E29C157BF0077099A /* Core Modules */,
				2B38F79229C155190077099A /* Assets.xcassets */,
				2B38F79729C155190077099A /* Info.plist */,
			);
			path = "Nine News Assessment";
			sourceTree = "<group>";
		};
		2B38F79D29C155A60077099A /* System */ = {
			isa = PBXGroup;
			children = (
				2B38F79429C155190077099A /* LaunchScreen.storyboard */,
				2B38F7B029C161FB0077099A /* System Constants */,
				2B38F78929C155180077099A /* AppDelegate.swift */,
				2B38F78B29C155180077099A /* SceneDelegate.swift */,
			);
			path = System;
			sourceTree = "<group>";
		};
		2B38F79E29C157BF0077099A /* Core Modules */ = {
			isa = PBXGroup;
			children = (
				2B38F7A929C15EA10077099A /* Splash */,
				2B38F79F29C157D50077099A /* Home News Feed */,
				2B38F7A029C157E90077099A /* Web View */,
			);
			path = "Core Modules";
			sourceTree = "<group>";
		};
		2B38F79F29C157D50077099A /* Home News Feed */ = {
			isa = PBXGroup;
			children = (
				2B38F7A229C158070077099A /* Views */,
				2B38F7A329C1580D0077099A /* ViewModels */,
			);
			path = "Home News Feed";
			sourceTree = "<group>";
		};
		2B38F7A029C157E90077099A /* Web View */ = {
			isa = PBXGroup;
			children = (
				2B38F7A529C1582B0077099A /* Views */,
			);
			path = "Web View";
			sourceTree = "<group>";
		};
		2B38F7A229C158070077099A /* Views */ = {
			isa = PBXGroup;
			children = (
				2B38F7CA29C1955D0077099A /* NewsFeedViewController.swift */,
				2B38F7E129C1FEBB0077099A /* NewsFeedViewController+FlowLayoutDelegate.swift */,
				2B38F7D529C1F5250077099A /* NewsFeedCell.swift */,
			);
			path = Views;
			sourceTree = "<group>";
		};
		2B38F7A329C1580D0077099A /* ViewModels */ = {
			isa = PBXGroup;
			children = (
				2B38F7CC29C1967A0077099A /* NewsAssetManager.swift */,
			);
			path = ViewModels;
			sourceTree = "<group>";
		};
		2B38F7A529C1582B0077099A /* Views */ = {
			isa = PBXGroup;
			children = (
				2B38F7E529C27E220077099A /* WebViewController.swift */,
			);
			path = Views;
			sourceTree = "<group>";
		};
		2B38F7A729C1584E0077099A /* Helpers & Utilities */ = {
			isa = PBXGroup;
			children = (
				2B38F81B29C2D6550077099A /* AsyncImage */,
				2B38F80929C2BF850077099A /* Int64 */,
				2B38F7D029C1D4490077099A /* Date */,
				2B38F7C529C190750077099A /* Coordinator */,
				2B38F7AD29C160760077099A /* UIView */,
			);
			path = "Helpers & Utilities";
			sourceTree = "<group>";
		};
		2B38F7A829C1587E0077099A /* Networking */ = {
			isa = PBXGroup;
			children = (
				2B38F7BB29C171490077099A /* NetworkService.swift */,
				2B38F7BF29C1722E0077099A /* NetworkErrors.swift */,
				2B38F7CE29C1CF410077099A /* NewsNetworkService.swift */,
			);
			path = Networking;
			sourceTree = "<group>";
		};
		2B38F7A929C15EA10077099A /* Splash */ = {
			isa = PBXGroup;
			children = (
				2B38F7AA29C15EAE0077099A /* Views */,
			);
			path = Splash;
			sourceTree = "<group>";
		};
		2B38F7AA29C15EAE0077099A /* Views */ = {
			isa = PBXGroup;
			children = (
				2B38F7AB29C15EBE0077099A /* SplashViewController.swift */,
			);
			path = Views;
			sourceTree = "<group>";
		};
		2B38F7AD29C160760077099A /* UIView */ = {
			isa = PBXGroup;
			children = (
				2B38F7AE29C1609B0077099A /* UIView+Constraints.swift */,
			);
			path = UIView;
			sourceTree = "<group>";
		};
		2B38F7B029C161FB0077099A /* System Constants */ = {
			isa = PBXGroup;
			children = (
				2B38F7D329C1DE3E0077099A /* SystemNotifications.swift */,
				2B38F7B129C162340077099A /* SystemConstants.swift */,
				2B38F7B329C1624E0077099A /* SplashScreenConstants.swift */,
				2B38F7E729C2831A0077099A /* WebViewerConstants.swift */,
				2B38F7D729C1F7480077099A /* NewsFeedScreenConstants.swift */,
				2B38F7C129C174170077099A /* NetworkConstants.swift */,
				2B38F7D929C1F8580077099A /* NineColors.swift */,
			);
			path = "System Constants";
			sourceTree = "<group>";
		};
		2B38F7C529C190750077099A /* Coordinator */ = {
			isa = PBXGroup;
			children = (
				2B38F7C629C1908F0077099A /* Coordinator.swift */,
				2B38F7C829C190DF0077099A /* MainCoordinator.swift */,
			);
			path = Coordinator;
			sourceTree = "<group>";
		};
		2B38F7D029C1D4490077099A /* Date */ = {
			isa = PBXGroup;
			children = (
				2B38F7D129C1D4560077099A /* Date+Greeting.swift */,
			);
			path = Date;
			sourceTree = "<group>";
		};
		2B38F7E929C2941D0077099A /* Data & Models */ = {
			isa = PBXGroup;
			children = (
				2B38F7B529C16BAE0077099A /* NewsResponseModel.swift */,
				2B38F7B729C16C6C0077099A /* NewsAssetModel.swift */,
				2B38F7B929C16CD20077099A /* NewsImageModel.swift */,
			);
			path = "Data & Models";
			sourceTree = "<group>";
		};
		2B38F7F329C2A8380077099A /* Nine News Assessment Unit Tests */ = {
			isa = PBXGroup;
			children = (
				2B38F80229C2B22E0077099A /* NewsAssets.json */,
				2B38F7FD29C2AE6F0077099A /* NewsServiceTests */,
				2B38F7FE29C2AFB90077099A /* NewsModelAPIMappingTests.swift */,
				2B38F7FB29C2A85D0077099A /* TimeOfDayTests.swift */,
			);
			path = "Nine News Assessment Unit Tests";
			sourceTree = "<group>";
		};
		2B38F7FD29C2AE6F0077099A /* NewsServiceTests */ = {
			isa = PBXGroup;
			children = (
				2B38F80029C2B11A0077099A /* NewsFeedMockServices.swift */,
				2B38F80529C2B8C50077099A /* NewsAssetManagerServiceIntegrationTests.swift */,
				2B38F80729C2BDAA0077099A /* NewsAssetManagerTests.swift */,
			);
			path = NewsServiceTests;
			sourceTree = "<group>";
		};
		2B38F80929C2BF850077099A /* Int64 */ = {
			isa = PBXGroup;
			children = (
				2B38F80A29C2BF960077099A /* Int64+Timestamp.swift */,
			);
			path = Int64;
			sourceTree = "<group>";
		};
		2B38F81B29C2D6550077099A /* AsyncImage */ = {
			isa = PBXGroup;
			children = (
				2B38F81C29C2D6690077099A /* AsyncImageService.swift */,
			);
			path = AsyncImage;
			sourceTree = "<group>";
		};
/* End PBXGroup section */

/* Begin PBXNativeTarget section */
		2B38F78529C155180077099A /* Nine News Assessment */ = {
			isa = PBXNativeTarget;
			buildConfigurationList = 2B38F79A29C155190077099A /* Build configuration list for PBXNativeTarget "Nine News Assessment" */;
			buildPhases = (
				2B38F78229C155180077099A /* Sources */,
				2B38F78329C155180077099A /* Frameworks */,
				2B38F78429C155180077099A /* Resources */,
			);
			buildRules = (
			);
			dependencies = (
			);
			name = "Nine News Assessment";
			productName = "Nine News Assessment";
			productReference = 2B38F78629C155180077099A /* Nine News Assessment.app */;
			productType = "com.apple.product-type.application";
		};
		2B38F7F129C2A8380077099A /* Nine News Assessment Unit Tests */ = {
			isa = PBXNativeTarget;
			buildConfigurationList = 2B38F7F829C2A8380077099A /* Build configuration list for PBXNativeTarget "Nine News Assessment Unit Tests" */;
			buildPhases = (
				2B38F7EE29C2A8380077099A /* Sources */,
				2B38F7EF29C2A8380077099A /* Frameworks */,
				2B38F7F029C2A8380077099A /* Resources */,
			);
			buildRules = (
			);
			dependencies = (
				2B38F7F729C2A8380077099A /* PBXTargetDependency */,
			);
			name = "Nine News Assessment Unit Tests";
			productName = "Nine News Assessment Unit Tests";
			productReference = 2B38F7F229C2A8380077099A /* Nine News Assessment Unit Tests.xctest */;
			productType = "com.apple.product-type.bundle.unit-test";
		};
/* End PBXNativeTarget section */

/* Begin PBXProject section */
		2B38F77E29C155180077099A /* Project object */ = {
			isa = PBXProject;
			attributes = {
				BuildIndependentTargetsInParallel = 1;
				LastSwiftUpdateCheck = 1340;
				LastUpgradeCheck = 1340;
				TargetAttributes = {
					2B38F78529C155180077099A = {
						CreatedOnToolsVersion = 13.4.1;
					};
					2B38F7F129C2A8380077099A = {
						CreatedOnToolsVersion = 13.4.1;
						LastSwiftMigration = 1340;
						TestTargetID = 2B38F78529C155180077099A;
					};
				};
			};
			buildConfigurationList = 2B38F78129C155180077099A /* Build configuration list for PBXProject "Nine News Assessment" */;
			compatibilityVersion = "Xcode 13.0";
			developmentRegion = en;
			hasScannedForEncodings = 0;
			knownRegions = (
				en,
				Base,
			);
			mainGroup = 2B38F77D29C155180077099A;
			productRefGroup = 2B38F78729C155180077099A /* Products */;
			projectDirPath = "";
			projectRoot = "";
			targets = (
				2B38F78529C155180077099A /* Nine News Assessment */,
				2B38F7F129C2A8380077099A /* Nine News Assessment Unit Tests */,
			);
		};
/* End PBXProject section */

/* Begin PBXResourcesBuildPhase section */
		2B38F78429C155180077099A /* Resources */ = {
			isa = PBXResourcesBuildPhase;
			buildActionMask = 2147483647;
			files = (
				2B38F79629C155190077099A /* LaunchScreen.storyboard in Resources */,
				2B38F79329C155190077099A /* Assets.xcassets in Resources */,
			);
			runOnlyForDeploymentPostprocessing = 0;
		};
		2B38F7F029C2A8380077099A /* Resources */ = {
			isa = PBXResourcesBuildPhase;
			buildActionMask = 2147483647;
			files = (
				2B38F80329C2B22E0077099A /* NewsAssets.json in Resources */,
			);
			runOnlyForDeploymentPostprocessing = 0;
		};
/* End PBXResourcesBuildPhase section */

/* Begin PBXSourcesBuildPhase section */
		2B38F78229C155180077099A /* Sources */ = {
			isa = PBXSourcesBuildPhase;
			buildActionMask = 2147483647;
			files = (
				2B38F7D829C1F7480077099A /* NewsFeedScreenConstants.swift in Sources */,
				2B38F7CD29C1967A0077099A /* NewsAssetManager.swift in Sources */,
				2B38F7CF29C1CF410077099A /* NewsNetworkService.swift in Sources */,
				2B38F7C729C1908F0077099A /* Coordinator.swift in Sources */,
				2B38F7C229C174170077099A /* NetworkConstants.swift in Sources */,
				2B38F7E229C1FEBB0077099A /* NewsFeedViewController+FlowLayoutDelegate.swift in Sources */,
				2B38F7DA29C1F8580077099A /* NineColors.swift in Sources */,
				2B38F7E629C27E220077099A /* WebViewController.swift in Sources */,
				2B38F7D429C1DE3E0077099A /* SystemNotifications.swift in Sources */,
				2B38F7E829C2831A0077099A /* WebViewerConstants.swift in Sources */,
				2B38F7BC29C171490077099A /* NetworkService.swift in Sources */,
				2B38F7B629C16BAE0077099A /* NewsResponseModel.swift in Sources */,
				2B38F7B429C1624E0077099A /* SplashScreenConstants.swift in Sources */,
				2B38F7B829C16C6C0077099A /* NewsAssetModel.swift in Sources */,
				2B38F7CB29C1955D0077099A /* NewsFeedViewController.swift in Sources */,
				2B38F7D629C1F5250077099A /* NewsFeedCell.swift in Sources */,
				2B38F81D29C2D6690077099A /* AsyncImageService.swift in Sources */,
				2B38F7C029C1722E0077099A /* NetworkErrors.swift in Sources */,
				2B38F7B229C162340077099A /* SystemConstants.swift in Sources */,
				2B38F7AC29C15EBE0077099A /* SplashViewController.swift in Sources */,
				2B38F78A29C155180077099A /* AppDelegate.swift in Sources */,
				2B38F78C29C155180077099A /* SceneDelegate.swift in Sources */,
				2B38F7BA29C16CD20077099A /* NewsImageModel.swift in Sources */,
				2B38F80B29C2BF960077099A /* Int64+Timestamp.swift in Sources */,
				2B38F7C929C190DF0077099A /* MainCoordinator.swift in Sources */,
				2B38F7D229C1D4560077099A /* Date+Greeting.swift in Sources */,
				2B38F7AF29C1609B0077099A /* UIView+Constraints.swift in Sources */,
			);
			runOnlyForDeploymentPostprocessing = 0;
		};
		2B38F7EE29C2A8380077099A /* Sources */ = {
			isa = PBXSourcesBuildPhase;
			buildActionMask = 2147483647;
			files = (
				2B38F7FF29C2AFB90077099A /* NewsModelAPIMappingTests.swift in Sources */,
				2B38F80629C2B8C50077099A /* NewsAssetManagerServiceIntegrationTests.swift in Sources */,
				2B38F80829C2BDAA0077099A /* NewsAssetManagerTests.swift in Sources */,
				2B38F7FC29C2A85D0077099A /* TimeOfDayTests.swift in Sources */,
				2B38F80129C2B11A0077099A /* NewsFeedMockServices.swift in Sources */,
			);
			runOnlyForDeploymentPostprocessing = 0;
		};
/* End PBXSourcesBuildPhase section */

/* Begin PBXTargetDependency section */
		2B38F7F729C2A8380077099A /* PBXTargetDependency */ = {
			isa = PBXTargetDependency;
			target = 2B38F78529C155180077099A /* Nine News Assessment */;
			targetProxy = 2B38F7F629C2A8380077099A /* PBXContainerItemProxy */;
		};
/* End PBXTargetDependency section */

/* Begin PBXVariantGroup section */
		2B38F79429C155190077099A /* LaunchScreen.storyboard */ = {
			isa = PBXVariantGroup;
			children = (
				2B38F79529C155190077099A /* Base */,
			);
			name = LaunchScreen.storyboard;
			sourceTree = "<group>";
		};
/* End PBXVariantGroup section */

/* Begin XCBuildConfiguration section */
		2B38F79829C155190077099A /* Debug */ = {
			isa = XCBuildConfiguration;
			buildSettings = {
				ALWAYS_SEARCH_USER_PATHS = NO;
				CLANG_ANALYZER_NONNULL = YES;
				CLANG_ANALYZER_NUMBER_OBJECT_CONVERSION = YES_AGGRESSIVE;
				CLANG_CXX_LANGUAGE_STANDARD = "gnu++17";
				CLANG_ENABLE_MODULES = YES;
				CLANG_ENABLE_OBJC_ARC = YES;
				CLANG_ENABLE_OBJC_WEAK = YES;
				CLANG_WARN_BLOCK_CAPTURE_AUTORELEASING = YES;
				CLANG_WARN_BOOL_CONVERSION = YES;
				CLANG_WARN_COMMA = YES;
				CLANG_WARN_CONSTANT_CONVERSION = YES;
				CLANG_WARN_DEPRECATED_OBJC_IMPLEMENTATIONS = YES;
				CLANG_WARN_DIRECT_OBJC_ISA_USAGE = YES_ERROR;
				CLANG_WARN_DOCUMENTATION_COMMENTS = YES;
				CLANG_WARN_EMPTY_BODY = YES;
				CLANG_WARN_ENUM_CONVERSION = YES;
				CLANG_WARN_INFINITE_RECURSION = YES;
				CLANG_WARN_INT_CONVERSION = YES;
				CLANG_WARN_NON_LITERAL_NULL_CONVERSION = YES;
				CLANG_WARN_OBJC_IMPLICIT_RETAIN_SELF = YES;
				CLANG_WARN_OBJC_LITERAL_CONVERSION = YES;
				CLANG_WARN_OBJC_ROOT_CLASS = YES_ERROR;
				CLANG_WARN_QUOTED_INCLUDE_IN_FRAMEWORK_HEADER = YES;
				CLANG_WARN_RANGE_LOOP_ANALYSIS = YES;
				CLANG_WARN_STRICT_PROTOTYPES = YES;
				CLANG_WARN_SUSPICIOUS_MOVE = YES;
				CLANG_WARN_UNGUARDED_AVAILABILITY = YES_AGGRESSIVE;
				CLANG_WARN_UNREACHABLE_CODE = YES;
				CLANG_WARN__DUPLICATE_METHOD_MATCH = YES;
				COPY_PHASE_STRIP = NO;
				DEBUG_INFORMATION_FORMAT = dwarf;
				ENABLE_STRICT_OBJC_MSGSEND = YES;
				ENABLE_TESTABILITY = YES;
				GCC_C_LANGUAGE_STANDARD = gnu11;
				GCC_DYNAMIC_NO_PIC = NO;
				GCC_NO_COMMON_BLOCKS = YES;
				GCC_OPTIMIZATION_LEVEL = 0;
				GCC_PREPROCESSOR_DEFINITIONS = (
					"DEBUG=1",
					"$(inherited)",
				);
				GCC_WARN_64_TO_32_BIT_CONVERSION = YES;
				GCC_WARN_ABOUT_RETURN_TYPE = YES_ERROR;
				GCC_WARN_UNDECLARED_SELECTOR = YES;
				GCC_WARN_UNINITIALIZED_AUTOS = YES_AGGRESSIVE;
				GCC_WARN_UNUSED_FUNCTION = YES;
				GCC_WARN_UNUSED_VARIABLE = YES;
				IPHONEOS_DEPLOYMENT_TARGET = 15.5;
				MTL_ENABLE_DEBUG_INFO = INCLUDE_SOURCE;
				MTL_FAST_MATH = YES;
				ONLY_ACTIVE_ARCH = YES;
				SDKROOT = iphoneos;
				SWIFT_ACTIVE_COMPILATION_CONDITIONS = DEBUG;
				SWIFT_OPTIMIZATION_LEVEL = "-Onone";
			};
			name = Debug;
		};
		2B38F79929C155190077099A /* Release */ = {
			isa = XCBuildConfiguration;
			buildSettings = {
				ALWAYS_SEARCH_USER_PATHS = NO;
				CLANG_ANALYZER_NONNULL = YES;
				CLANG_ANALYZER_NUMBER_OBJECT_CONVERSION = YES_AGGRESSIVE;
				CLANG_CXX_LANGUAGE_STANDARD = "gnu++17";
				CLANG_ENABLE_MODULES = YES;
				CLANG_ENABLE_OBJC_ARC = YES;
				CLANG_ENABLE_OBJC_WEAK = YES;
				CLANG_WARN_BLOCK_CAPTURE_AUTORELEASING = YES;
				CLANG_WARN_BOOL_CONVERSION = YES;
				CLANG_WARN_COMMA = YES;
				CLANG_WARN_CONSTANT_CONVERSION = YES;
				CLANG_WARN_DEPRECATED_OBJC_IMPLEMENTATIONS = YES;
				CLANG_WARN_DIRECT_OBJC_ISA_USAGE = YES_ERROR;
				CLANG_WARN_DOCUMENTATION_COMMENTS = YES;
				CLANG_WARN_EMPTY_BODY = YES;
				CLANG_WARN_ENUM_CONVERSION = YES;
				CLANG_WARN_INFINITE_RECURSION = YES;
				CLANG_WARN_INT_CONVERSION = YES;
				CLANG_WARN_NON_LITERAL_NULL_CONVERSION = YES;
				CLANG_WARN_OBJC_IMPLICIT_RETAIN_SELF = YES;
				CLANG_WARN_OBJC_LITERAL_CONVERSION = YES;
				CLANG_WARN_OBJC_ROOT_CLASS = YES_ERROR;
				CLANG_WARN_QUOTED_INCLUDE_IN_FRAMEWORK_HEADER = YES;
				CLANG_WARN_RANGE_LOOP_ANALYSIS = YES;
				CLANG_WARN_STRICT_PROTOTYPES = YES;
				CLANG_WARN_SUSPICIOUS_MOVE = YES;
				CLANG_WARN_UNGUARDED_AVAILABILITY = YES_AGGRESSIVE;
				CLANG_WARN_UNREACHABLE_CODE = YES;
				CLANG_WARN__DUPLICATE_METHOD_MATCH = YES;
				COPY_PHASE_STRIP = NO;
				DEBUG_INFORMATION_FORMAT = "dwarf-with-dsym";
				ENABLE_NS_ASSERTIONS = NO;
				ENABLE_STRICT_OBJC_MSGSEND = YES;
				GCC_C_LANGUAGE_STANDARD = gnu11;
				GCC_NO_COMMON_BLOCKS = YES;
				GCC_WARN_64_TO_32_BIT_CONVERSION = YES;
				GCC_WARN_ABOUT_RETURN_TYPE = YES_ERROR;
				GCC_WARN_UNDECLARED_SELECTOR = YES;
				GCC_WARN_UNINITIALIZED_AUTOS = YES_AGGRESSIVE;
				GCC_WARN_UNUSED_FUNCTION = YES;
				GCC_WARN_UNUSED_VARIABLE = YES;
				IPHONEOS_DEPLOYMENT_TARGET = 15.5;
				MTL_ENABLE_DEBUG_INFO = NO;
				MTL_FAST_MATH = YES;
				SDKROOT = iphoneos;
				SWIFT_COMPILATION_MODE = wholemodule;
				SWIFT_OPTIMIZATION_LEVEL = "-O";
				VALIDATE_PRODUCT = YES;
			};
			name = Release;
		};
		2B38F79B29C155190077099A /* Debug */ = {
			isa = XCBuildConfiguration;
			buildSettings = {
				ASSETCATALOG_COMPILER_APPICON_NAME = AppIcon;
				ASSETCATALOG_COMPILER_GLOBAL_ACCENT_COLOR_NAME = AccentColor;
				CODE_SIGN_STYLE = Automatic;
				CURRENT_PROJECT_VERSION = 1;
				DEVELOPMENT_TEAM = 7QNUJ3KXAJ;
				GENERATE_INFOPLIST_FILE = YES;
				INFOPLIST_FILE = "Nine News Assessment/Info.plist";
				INFOPLIST_KEY_CFBundleDisplayName = "Nine News";
				INFOPLIST_KEY_UIApplicationSupportsIndirectInputEvents = YES;
				INFOPLIST_KEY_UILaunchStoryboardName = LaunchScreen;
				INFOPLIST_KEY_UISupportedInterfaceOrientations = UIInterfaceOrientationPortrait;
				INFOPLIST_KEY_UISupportedInterfaceOrientations_iPad = "UIInterfaceOrientationPortrait UIInterfaceOrientationPortraitUpsideDown UIInterfaceOrientationLandscapeLeft UIInterfaceOrientationLandscapeRight";
				INFOPLIST_KEY_UISupportedInterfaceOrientations_iPhone = "UIInterfaceOrientationPortrait UIInterfaceOrientationLandscapeLeft UIInterfaceOrientationLandscapeRight";
				LD_RUNPATH_SEARCH_PATHS = (
					"$(inherited)",
					"@executable_path/Frameworks",
				);
				MARKETING_VERSION = 1.0.0;
				PRODUCT_BUNDLE_IDENTIFIER = "com.mindhyve.practice.nine-assessment";
				PRODUCT_NAME = "$(TARGET_NAME)";
				SUPPORTED_PLATFORMS = "iphoneos iphonesimulator";
				SUPPORTS_MACCATALYST = NO;
				SUPPORTS_MAC_DESIGNED_FOR_IPHONE_IPAD = YES;
				SWIFT_EMIT_LOC_STRINGS = YES;
				SWIFT_VERSION = 5.0;
				TARGETED_DEVICE_FAMILY = "1,2";
			};
			name = Debug;
		};
		2B38F79C29C155190077099A /* Release */ = {
			isa = XCBuildConfiguration;
			buildSettings = {
				ASSETCATALOG_COMPILER_APPICON_NAME = AppIcon;
				ASSETCATALOG_COMPILER_GLOBAL_ACCENT_COLOR_NAME = AccentColor;
				CODE_SIGN_STYLE = Automatic;
				CURRENT_PROJECT_VERSION = 1;
				DEVELOPMENT_TEAM = 7QNUJ3KXAJ;
				GENERATE_INFOPLIST_FILE = YES;
				INFOPLIST_FILE = "Nine News Assessment/Info.plist";
				INFOPLIST_KEY_CFBundleDisplayName = "Nine News";
				INFOPLIST_KEY_UIApplicationSupportsIndirectInputEvents = YES;
				INFOPLIST_KEY_UILaunchStoryboardName = LaunchScreen;
				INFOPLIST_KEY_UISupportedInterfaceOrientations = UIInterfaceOrientationPortrait;
				INFOPLIST_KEY_UISupportedInterfaceOrientations_iPad = "UIInterfaceOrientationPortrait UIInterfaceOrientationPortraitUpsideDown UIInterfaceOrientationLandscapeLeft UIInterfaceOrientationLandscapeRight";
				INFOPLIST_KEY_UISupportedInterfaceOrientations_iPhone = "UIInterfaceOrientationPortrait UIInterfaceOrientationLandscapeLeft UIInterfaceOrientationLandscapeRight";
				LD_RUNPATH_SEARCH_PATHS = (
					"$(inherited)",
					"@executable_path/Frameworks",
				);
				MARKETING_VERSION = 1.0.0;
				PRODUCT_BUNDLE_IDENTIFIER = "com.mindhyve.practice.nine-assessment";
				PRODUCT_NAME = "$(TARGET_NAME)";
				SUPPORTED_PLATFORMS = "iphoneos iphonesimulator";
				SUPPORTS_MACCATALYST = NO;
				SUPPORTS_MAC_DESIGNED_FOR_IPHONE_IPAD = YES;
				SWIFT_EMIT_LOC_STRINGS = YES;
				SWIFT_VERSION = 5.0;
				TARGETED_DEVICE_FAMILY = "1,2";
			};
			name = Release;
		};
		2B38F7F929C2A8380077099A /* Debug */ = {
			isa = XCBuildConfiguration;
			buildSettings = {
				BUNDLE_LOADER = "$(TEST_HOST)";
				CLANG_ENABLE_MODULES = YES;
				CODE_SIGN_STYLE = Automatic;
				CURRENT_PROJECT_VERSION = 1;
				DEVELOPMENT_TEAM = 7QNUJ3KXAJ;
				GENERATE_INFOPLIST_FILE = YES;
				LD_RUNPATH_SEARCH_PATHS = (
					"$(inherited)",
					"@executable_path/Frameworks",
					"@loader_path/Frameworks",
				);
				MARKETING_VERSION = 1.0;
				PRODUCT_BUNDLE_IDENTIFIER = "com.mindhyve.practice.nine-assessment.Nine-News-Assessment-Unit-Tests";
				PRODUCT_NAME = "$(TARGET_NAME)";
				SWIFT_EMIT_LOC_STRINGS = NO;
				SWIFT_OPTIMIZATION_LEVEL = "-Onone";
				SWIFT_VERSION = 5.0;
				TARGETED_DEVICE_FAMILY = "1,2";
				TEST_HOST = "$(BUILT_PRODUCTS_DIR)/Nine News Assessment.app/Nine News Assessment";
			};
			name = Debug;
		};
		2B38F7FA29C2A8380077099A /* Release */ = {
			isa = XCBuildConfiguration;
			buildSettings = {
				BUNDLE_LOADER = "$(TEST_HOST)";
				CLANG_ENABLE_MODULES = YES;
				CODE_SIGN_STYLE = Automatic;
				CURRENT_PROJECT_VERSION = 1;
				DEVELOPMENT_TEAM = 7QNUJ3KXAJ;
				GENERATE_INFOPLIST_FILE = YES;
				LD_RUNPATH_SEARCH_PATHS = (
					"$(inherited)",
					"@executable_path/Frameworks",
					"@loader_path/Frameworks",
				);
				MARKETING_VERSION = 1.0;
				PRODUCT_BUNDLE_IDENTIFIER = "com.mindhyve.practice.nine-assessment.Nine-News-Assessment-Unit-Tests";
				PRODUCT_NAME = "$(TARGET_NAME)";
				SWIFT_EMIT_LOC_STRINGS = NO;
				SWIFT_VERSION = 5.0;
				TARGETED_DEVICE_FAMILY = "1,2";
				TEST_HOST = "$(BUILT_PRODUCTS_DIR)/Nine News Assessment.app/Nine News Assessment";
			};
			name = Release;
		};
/* End XCBuildConfiguration section */

/* Begin XCConfigurationList section */
		2B38F78129C155180077099A /* Build configuration list for PBXProject "Nine News Assessment" */ = {
			isa = XCConfigurationList;
			buildConfigurations = (
				2B38F79829C155190077099A /* Debug */,
				2B38F79929C155190077099A /* Release */,
			);
			defaultConfigurationIsVisible = 0;
			defaultConfigurationName = Release;
		};
		2B38F79A29C155190077099A /* Build configuration list for PBXNativeTarget "Nine News Assessment" */ = {
			isa = XCConfigurationList;
			buildConfigurations = (
				2B38F79B29C155190077099A /* Debug */,
				2B38F79C29C155190077099A /* Release */,
			);
			defaultConfigurationIsVisible = 0;
			defaultConfigurationName = Release;
		};
		2B38F7F829C2A8380077099A /* Build configuration list for PBXNativeTarget "Nine News Assessment Unit Tests" */ = {
			isa = XCConfigurationList;
			buildConfigurations = (
				2B38F7F929C2A8380077099A /* Debug */,
				2B38F7FA29C2A8380077099A /* Release */,
			);
			defaultConfigurationIsVisible = 0;
			defaultConfigurationName = Release;
		};
/* End XCConfigurationList section */
	};
	rootObject = 2B38F77E29C155180077099A /* Project object */;
}
