// !$*UTF8*$!
{
	archiveVersion = 1;
	classes = {
	};
	objectVersion = 55;
	objects = {

/* Begin PBXBuildFile section */
		2B38F78A29C155180077099A /* AppDelegate.swift in Sources */ = {isa = PBXBuildFile; fileRef = 2B38F78929C155180077099A /* AppDelegate.swift */; };
		2B38F78C29C155180077099A /* SceneDelegate.swift in Sources */ = {isa = PBXBuildFile; fileRef = 2B38F78B29C155180077099A /* SceneDelegate.swift */; };
		2B38F79329C155190077099A /* Assets.xcassets in Resources */ = {isa = PBXBuildFile; fileRef = 2B38F79229C155190077099A /* Assets.xcassets */; };
		2B38F79629C155190077099A /* LaunchScreen.storyboard in Resources */ = {isa = PBXBuildFile; fileRef = 2B38F79429C155190077099A /* LaunchScreen.storyboard */; };
		2B38F7AC29C15EBE0077099A /* SplashViewController.swift in Sources */ = {isa = PBXBuildFile; fileRef = 2B38F7AB29C15EBE0077099A /* SplashViewController.swift */; };
		2B38F7AF29C1609B0077099A /* UIView+Constraints.swift in Sources */ = {isa = PBXBuildFile; fileRef = 2B38F7AE29C1609B0077099A /* UIView+Constraints.swift */; };
		2B38F7B229C162340077099A /* SystemConstants.swift in Sources */ = {isa = PBXBuildFile; fileRef = 2B38F7B129C162340077099A /* SystemConstants.swift */; };
		2B38F7B429C1624E0077099A /* SplashScreenConstants.swift in Sources */ = {isa = PBXBuildFile; fileRef = 2B38F7B329C1624E0077099A /* SplashScreenConstants.swift */; };
		2B38F7B629C16BAE0077099A /* NewsResponse.swift in Sources */ = {isa = PBXBuildFile; fileRef = 2B38F7B529C16BAE0077099A /* NewsResponse.swift */; };
		2B38F7B829C16C6C0077099A /* Asset.swift in Sources */ = {isa = PBXBuildFile; fileRef = 2B38F7B729C16C6C0077099A /* Asset.swift */; };
		2B38F7BA29C16CD20077099A /* NewsImage.swift in Sources */ = {isa = PBXBuildFile; fileRef = 2B38F7B929C16CD20077099A /* NewsImage.swift */; };
		2B38F7BC29C171490077099A /* NetworkService.swift in Sources */ = {isa = PBXBuildFile; fileRef = 2B38F7BB29C171490077099A /* NetworkService.swift */; };
		2B38F7C029C1722E0077099A /* NetworkErrors.swift in Sources */ = {isa = PBXBuildFile; fileRef = 2B38F7BF29C1722E0077099A /* NetworkErrors.swift */; };
		2B38F7C229C174170077099A /* NetworkConstants.swift in Sources */ = {isa = PBXBuildFile; fileRef = 2B38F7C129C174170077099A /* NetworkConstants.swift */; };
/* End PBXBuildFile section */

/* Begin PBXFileReference section */
		2B38F78629C155180077099A /* Nine News Assessment.app */ = {isa = PBXFileReference; explicitFileType = wrapper.application; includeInIndex = 0; path = "Nine News Assessment.app"; sourceTree = BUILT_PRODUCTS_DIR; };
		2B38F78929C155180077099A /* AppDelegate.swift */ = {isa = PBXFileReference; lastKnownFileType = sourcecode.swift; path = AppDelegate.swift; sourceTree = "<group>"; };
		2B38F78B29C155180077099A /* SceneDelegate.swift */ = {isa = PBXFileReference; lastKnownFileType = sourcecode.swift; path = SceneDelegate.swift; sourceTree = "<group>"; };
		2B38F79229C155190077099A /* Assets.xcassets */ = {isa = PBXFileReference; lastKnownFileType = folder.assetcatalog; path = Assets.xcassets; sourceTree = "<group>"; };
		2B38F79529C155190077099A /* Base */ = {isa = PBXFileReference; lastKnownFileType = file.storyboard; name = Base; path = Base.lproj/LaunchScreen.storyboard; sourceTree = "<group>"; };
		2B38F79729C155190077099A /* Info.plist */ = {isa = PBXFileReference; lastKnownFileType = text.plist.xml; path = Info.plist; sourceTree = "<group>"; };
		2B38F7AB29C15EBE0077099A /* SplashViewController.swift */ = {isa = PBXFileReference; lastKnownFileType = sourcecode.swift; path = SplashViewController.swift; sourceTree = "<group>"; };
		2B38F7AE29C1609B0077099A /* UIView+Constraints.swift */ = {isa = PBXFileReference; lastKnownFileType = sourcecode.swift; path = "UIView+Constraints.swift"; sourceTree = "<group>"; };
		2B38F7B129C162340077099A /* SystemConstants.swift */ = {isa = PBXFileReference; lastKnownFileType = sourcecode.swift; path = SystemConstants.swift; sourceTree = "<group>"; };
		2B38F7B329C1624E0077099A /* SplashScreenConstants.swift */ = {isa = PBXFileReference; lastKnownFileType = sourcecode.swift; path = SplashScreenConstants.swift; sourceTree = "<group>"; };
		2B38F7B529C16BAE0077099A /* NewsResponse.swift */ = {isa = PBXFileReference; lastKnownFileType = sourcecode.swift; path = NewsResponse.swift; sourceTree = "<group>"; };
		2B38F7B729C16C6C0077099A /* Asset.swift */ = {isa = PBXFileReference; lastKnownFileType = sourcecode.swift; path = Asset.swift; sourceTree = "<group>"; };
		2B38F7B929C16CD20077099A /* NewsImage.swift */ = {isa = PBXFileReference; lastKnownFileType = sourcecode.swift; path = NewsImage.swift; sourceTree = "<group>"; };
		2B38F7BB29C171490077099A /* NetworkService.swift */ = {isa = PBXFileReference; lastKnownFileType = sourcecode.swift; path = NetworkService.swift; sourceTree = "<group>"; };
		2B38F7BF29C1722E0077099A /* NetworkErrors.swift */ = {isa = PBXFileReference; lastKnownFileType = sourcecode.swift; path = NetworkErrors.swift; sourceTree = "<group>"; };
		2B38F7C129C174170077099A /* NetworkConstants.swift */ = {isa = PBXFileReference; lastKnownFileType = sourcecode.swift; path = NetworkConstants.swift; sourceTree = "<group>"; };
/* End PBXFileReference section */

/* Begin PBXFrameworksBuildPhase section */
		2B38F78329C155180077099A /* Frameworks */ = {
			isa = PBXFrameworksBuildPhase;
			buildActionMask = 2147483647;
			files = (
			);
			runOnlyForDeploymentPostprocessing = 0;
		};
/* End PBXFrameworksBuildPhase section */

/* Begin PBXGroup section */
		2B38F77D29C155180077099A = {
			isa = PBXGroup;
			children = (
				2B38F78829C155180077099A /* Nine News Assessment */,
				2B38F78729C155180077099A /* Products */,
			);
			sourceTree = "<group>";
		};
		2B38F78729C155180077099A /* Products */ = {
			isa = PBXGroup;
			children = (
				2B38F78629C155180077099A /* Nine News Assessment.app */,
			);
			name = Products;
			sourceTree = "<group>";
		};
		2B38F78829C155180077099A /* Nine News Assessment */ = {
			isa = PBXGroup;
			children = (
				2B38F79D29C155A60077099A /* System */,
				2B38F7A829C1587E0077099A /* Networking */,
				2B38F7A729C1584E0077099A /* Helpers */,
				2B38F79E29C157BF0077099A /* Core Modules */,
				2B38F79229C155190077099A /* Assets.xcassets */,
				2B38F79429C155190077099A /* LaunchScreen.storyboard */,
				2B38F79729C155190077099A /* Info.plist */,
			);
			path = "Nine News Assessment";
			sourceTree = "<group>";
		};
		2B38F79D29C155A60077099A /* System */ = {
			isa = PBXGroup;
			children = (
				2B38F7B029C161FB0077099A /* System Constants */,
				2B38F78929C155180077099A /* AppDelegate.swift */,
				2B38F78B29C155180077099A /* SceneDelegate.swift */,
			);
			path = System;
			sourceTree = "<group>";
		};
		2B38F79E29C157BF0077099A /* Core Modules */ = {
			isa = PBXGroup;
			children = (
				2B38F7A929C15EA10077099A /* Splash */,
				2B38F79F29C157D50077099A /* Home News Feed */,
				2B38F7A029C157E90077099A /* News Detail */,
			);
			path = "Core Modules";
			sourceTree = "<group>";
		};
		2B38F79F29C157D50077099A /* Home News Feed */ = {
			isa = PBXGroup;
			children = (
				2B38F7A129C158020077099A /* Models */,
				2B38F7A229C158070077099A /* Views */,
				2B38F7A329C1580D0077099A /* ViewModels */,
			);
			path = "Home News Feed";
			sourceTree = "<group>";
		};
		2B38F7A029C157E90077099A /* News Detail */ = {
			isa = PBXGroup;
			children = (
				2B38F7A429C1581C0077099A /* Models */,
				2B38F7A529C1582B0077099A /* Views */,
				2B38F7A629C1582F0077099A /* ViewModels */,
			);
			path = "News Detail";
			sourceTree = "<group>";
		};
		2B38F7A129C158020077099A /* Models */ = {
			isa = PBXGroup;
			children = (
			);
			path = Models;
			sourceTree = "<group>";
		};
		2B38F7A229C158070077099A /* Views */ = {
			isa = PBXGroup;
			children = (
			);
			path = Views;
			sourceTree = "<group>";
		};
		2B38F7A329C1580D0077099A /* ViewModels */ = {
			isa = PBXGroup;
			children = (
			);
			path = ViewModels;
			sourceTree = "<group>";
		};
		2B38F7A429C1581C0077099A /* Models */ = {
			isa = PBXGroup;
			children = (
				2B38F7B529C16BAE0077099A /* NewsResponse.swift */,
				2B38F7B729C16C6C0077099A /* Asset.swift */,
				2B38F7B929C16CD20077099A /* NewsImage.swift */,
			);
			path = Models;
			sourceTree = "<group>";
		};
		2B38F7A529C1582B0077099A /* Views */ = {
			isa = PBXGroup;
			children = (
			);
			path = Views;
			sourceTree = "<group>";
		};
		2B38F7A629C1582F0077099A /* ViewModels */ = {
			isa = PBXGroup;
			children = (
			);
			path = ViewModels;
			sourceTree = "<group>";
		};
		2B38F7A729C1584E0077099A /* Helpers */ = {
			isa = PBXGroup;
			children = (
				2B38F7AD29C160760077099A /* UIView */,
			);
			path = Helpers;
			sourceTree = "<group>";
		};
		2B38F7A829C1587E0077099A /* Networking */ = {
			isa = PBXGroup;
			children = (
				2B38F7BB29C171490077099A /* NetworkService.swift */,
				2B38F7BF29C1722E0077099A /* NetworkErrors.swift */,
			);
			path = Networking;
			sourceTree = "<group>";
		};
		2B38F7A929C15EA10077099A /* Splash */ = {
			isa = PBXGroup;
			children = (
				2B38F7AA29C15EAE0077099A /* Views */,
			);
			path = Splash;
			sourceTree = "<group>";
		};
		2B38F7AA29C15EAE0077099A /* Views */ = {
			isa = PBXGroup;
			children = (
				2B38F7AB29C15EBE0077099A /* SplashViewController.swift */,
			);
			path = Views;
			sourceTree = "<group>";
		};
		2B38F7AD29C160760077099A /* UIView */ = {
			isa = PBXGroup;
			children = (
				2B38F7AE29C1609B0077099A /* UIView+Constraints.swift */,
			);
			path = UIView;
			sourceTree = "<group>";
		};
		2B38F7B029C161FB0077099A /* System Constants */ = {
			isa = PBXGroup;
			children = (
				2B38F7B129C162340077099A /* SystemConstants.swift */,
				2B38F7B329C1624E0077099A /* SplashScreenConstants.swift */,
				2B38F7C129C174170077099A /* NetworkConstants.swift */,
			);
			path = "System Constants";
			sourceTree = "<group>";
		};
/* End PBXGroup section */

/* Begin PBXNativeTarget section */
		2B38F78529C155180077099A /* Nine News Assessment */ = {
			isa = PBXNativeTarget;
			buildConfigurationList = 2B38F79A29C155190077099A /* Build configuration list for PBXNativeTarget "Nine News Assessment" */;
			buildPhases = (
				2B38F78229C155180077099A /* Sources */,
				2B38F78329C155180077099A /* Frameworks */,
				2B38F78429C155180077099A /* Resources */,
			);
			buildRules = (
			);
			dependencies = (
			);
			name = "Nine News Assessment";
			productName = "Nine News Assessment";
			productReference = 2B38F78629C155180077099A /* Nine News Assessment.app */;
			productType = "com.apple.product-type.application";
		};
/* End PBXNativeTarget section */

/* Begin PBXProject section */
		2B38F77E29C155180077099A /* Project object */ = {
			isa = PBXProject;
			attributes = {
				BuildIndependentTargetsInParallel = 1;
				LastSwiftUpdateCheck = 1340;
				LastUpgradeCheck = 1340;
				TargetAttributes = {
					2B38F78529C155180077099A = {
						CreatedOnToolsVersion = 13.4.1;
					};
				};
			};
			buildConfigurationList = 2B38F78129C155180077099A /* Build configuration list for PBXProject "Nine News Assessment" */;
			compatibilityVersion = "Xcode 13.0";
			developmentRegion = en;
			hasScannedForEncodings = 0;
			knownRegions = (
				en,
				Base,
			);
			mainGroup = 2B38F77D29C155180077099A;
			productRefGroup = 2B38F78729C155180077099A /* Products */;
			projectDirPath = "";
			projectRoot = "";
			targets = (
				2B38F78529C155180077099A /* Nine News Assessment */,
			);
		};
/* End PBXProject section */

/* Begin PBXResourcesBuildPhase section */
		2B38F78429C155180077099A /* Resources */ = {
			isa = PBXResourcesBuildPhase;
			buildActionMask = 2147483647;
			files = (
				2B38F79629C155190077099A /* LaunchScreen.storyboard in Resources */,
				2B38F79329C155190077099A /* Assets.xcassets in Resources */,
			);
			runOnlyForDeploymentPostprocessing = 0;
		};
/* End PBXResourcesBuildPhase section */

/* Begin PBXSourcesBuildPhase section */
		2B38F78229C155180077099A /* Sources */ = {
			isa = PBXSourcesBuildPhase;
			buildActionMask = 2147483647;
			files = (
				2B38F7C229C174170077099A /* NetworkConstants.swift in Sources */,
				2B38F7BC29C171490077099A /* NetworkService.swift in Sources */,
				2B38F7B629C16BAE0077099A /* NewsResponse.swift in Sources */,
				2B38F7B429C1624E0077099A /* SplashScreenConstants.swift in Sources */,
				2B38F7B829C16C6C0077099A /* Asset.swift in Sources */,
				2B38F7C029C1722E0077099A /* NetworkErrors.swift in Sources */,
				2B38F7B229C162340077099A /* SystemConstants.swift in Sources */,
				2B38F7AC29C15EBE0077099A /* SplashViewController.swift in Sources */,
				2B38F78A29C155180077099A /* AppDelegate.swift in Sources */,
				2B38F78C29C155180077099A /* SceneDelegate.swift in Sources */,
				2B38F7BA29C16CD20077099A /* NewsImage.swift in Sources */,
				2B38F7AF29C1609B0077099A /* UIView+Constraints.swift in Sources */,
			);
			runOnlyForDeploymentPostprocessing = 0;
		};
/* End PBXSourcesBuildPhase section */

/* Begin PBXVariantGroup section */
		2B38F79429C155190077099A /* LaunchScreen.storyboard */ = {
			isa = PBXVariantGroup;
			children = (
				2B38F79529C155190077099A /* Base */,
			);
			name = LaunchScreen.storyboard;
			sourceTree = "<group>";
		};
/* End PBXVariantGroup section */

/* Begin XCBuildConfiguration section */
		2B38F79829C155190077099A /* Debug */ = {
			isa = XCBuildConfiguration;
			buildSettings = {
				ALWAYS_SEARCH_USER_PATHS = NO;
				CLANG_ANALYZER_NONNULL = YES;
				CLANG_ANALYZER_NUMBER_OBJECT_CONVERSION = YES_AGGRESSIVE;
				CLANG_CXX_LANGUAGE_STANDARD = "gnu++17";
				CLANG_ENABLE_MODULES = YES;
				CLANG_ENABLE_OBJC_ARC = YES;
				CLANG_ENABLE_OBJC_WEAK = YES;
				CLANG_WARN_BLOCK_CAPTURE_AUTORELEASING = YES;
				CLANG_WARN_BOOL_CONVERSION = YES;
				CLANG_WARN_COMMA = YES;
				CLANG_WARN_CONSTANT_CONVERSION = YES;
				CLANG_WARN_DEPRECATED_OBJC_IMPLEMENTATIONS = YES;
				CLANG_WARN_DIRECT_OBJC_ISA_USAGE = YES_ERROR;
				CLANG_WARN_DOCUMENTATION_COMMENTS = YES;
				CLANG_WARN_EMPTY_BODY = YES;
				CLANG_WARN_ENUM_CONVERSION = YES;
				CLANG_WARN_INFINITE_RECURSION = YES;
				CLANG_WARN_INT_CONVERSION = YES;
				CLANG_WARN_NON_LITERAL_NULL_CONVERSION = YES;
				CLANG_WARN_OBJC_IMPLICIT_RETAIN_SELF = YES;
				CLANG_WARN_OBJC_LITERAL_CONVERSION = YES;
				CLANG_WARN_OBJC_ROOT_CLASS = YES_ERROR;
				CLANG_WARN_QUOTED_INCLUDE_IN_FRAMEWORK_HEADER = YES;
				CLANG_WARN_RANGE_LOOP_ANALYSIS = YES;
				CLANG_WARN_STRICT_PROTOTYPES = YES;
				CLANG_WARN_SUSPICIOUS_MOVE = YES;
				CLANG_WARN_UNGUARDED_AVAILABILITY = YES_AGGRESSIVE;
				CLANG_WARN_UNREACHABLE_CODE = YES;
				CLANG_WARN__DUPLICATE_METHOD_MATCH = YES;
				COPY_PHASE_STRIP = NO;
				DEBUG_INFORMATION_FORMAT = dwarf;
				ENABLE_STRICT_OBJC_MSGSEND = YES;
				ENABLE_TESTABILITY = YES;
				GCC_C_LANGUAGE_STANDARD = gnu11;
				GCC_DYNAMIC_NO_PIC = NO;
				GCC_NO_COMMON_BLOCKS = YES;
				GCC_OPTIMIZATION_LEVEL = 0;
				GCC_PREPROCESSOR_DEFINITIONS = (
					"DEBUG=1",
					"$(inherited)",
				);
				GCC_WARN_64_TO_32_BIT_CONVERSION = YES;
				GCC_WARN_ABOUT_RETURN_TYPE = YES_ERROR;
				GCC_WARN_UNDECLARED_SELECTOR = YES;
				GCC_WARN_UNINITIALIZED_AUTOS = YES_AGGRESSIVE;
				GCC_WARN_UNUSED_FUNCTION = YES;
				GCC_WARN_UNUSED_VARIABLE = YES;
				IPHONEOS_DEPLOYMENT_TARGET = 15.5;
				MTL_ENABLE_DEBUG_INFO = INCLUDE_SOURCE;
				MTL_FAST_MATH = YES;
				ONLY_ACTIVE_ARCH = YES;
				SDKROOT = iphoneos;
				SWIFT_ACTIVE_COMPILATION_CONDITIONS = DEBUG;
				SWIFT_OPTIMIZATION_LEVEL = "-Onone";
			};
			name = Debug;
		};
		2B38F79929C155190077099A /* Release */ = {
			isa = XCBuildConfiguration;
			buildSettings = {
				ALWAYS_SEARCH_USER_PATHS = NO;
				CLANG_ANALYZER_NONNULL = YES;
				CLANG_ANALYZER_NUMBER_OBJECT_CONVERSION = YES_AGGRESSIVE;
				CLANG_CXX_LANGUAGE_STANDARD = "gnu++17";
				CLANG_ENABLE_MODULES = YES;
				CLANG_ENABLE_OBJC_ARC = YES;
				CLANG_ENABLE_OBJC_WEAK = YES;
				CLANG_WARN_BLOCK_CAPTURE_AUTORELEASING = YES;
				CLANG_WARN_BOOL_CONVERSION = YES;
				CLANG_WARN_COMMA = YES;
				CLANG_WARN_CONSTANT_CONVERSION = YES;
				CLANG_WARN_DEPRECATED_OBJC_IMPLEMENTATIONS = YES;
				CLANG_WARN_DIRECT_OBJC_ISA_USAGE = YES_ERROR;
				CLANG_WARN_DOCUMENTATION_COMMENTS = YES;
				CLANG_WARN_EMPTY_BODY = YES;
				CLANG_WARN_ENUM_CONVERSION = YES;
				CLANG_WARN_INFINITE_RECURSION = YES;
				CLANG_WARN_INT_CONVERSION = YES;
				CLANG_WARN_NON_LITERAL_NULL_CONVERSION = YES;
				CLANG_WARN_OBJC_IMPLICIT_RETAIN_SELF = YES;
				CLANG_WARN_OBJC_LITERAL_CONVERSION = YES;
				CLANG_WARN_OBJC_ROOT_CLASS = YES_ERROR;
				CLANG_WARN_QUOTED_INCLUDE_IN_FRAMEWORK_HEADER = YES;
				CLANG_WARN_RANGE_LOOP_ANALYSIS = YES;
				CLANG_WARN_STRICT_PROTOTYPES = YES;
				CLANG_WARN_SUSPICIOUS_MOVE = YES;
				CLANG_WARN_UNGUARDED_AVAILABILITY = YES_AGGRESSIVE;
				CLANG_WARN_UNREACHABLE_CODE = YES;
				CLANG_WARN__DUPLICATE_METHOD_MATCH = YES;
				COPY_PHASE_STRIP = NO;
				DEBUG_INFORMATION_FORMAT = "dwarf-with-dsym";
				ENABLE_NS_ASSERTIONS = NO;
				ENABLE_STRICT_OBJC_MSGSEND = YES;
				GCC_C_LANGUAGE_STANDARD = gnu11;
				GCC_NO_COMMON_BLOCKS = YES;
				GCC_WARN_64_TO_32_BIT_CONVERSION = YES;
				GCC_WARN_ABOUT_RETURN_TYPE = YES_ERROR;
				GCC_WARN_UNDECLARED_SELECTOR = YES;
				GCC_WARN_UNINITIALIZED_AUTOS = YES_AGGRESSIVE;
				GCC_WARN_UNUSED_FUNCTION = YES;
				GCC_WARN_UNUSED_VARIABLE = YES;
				IPHONEOS_DEPLOYMENT_TARGET = 15.5;
				MTL_ENABLE_DEBUG_INFO = NO;
				MTL_FAST_MATH = YES;
				SDKROOT = iphoneos;
				SWIFT_COMPILATION_MODE = wholemodule;
				SWIFT_OPTIMIZATION_LEVEL = "-O";
				VALIDATE_PRODUCT = YES;
			};
			name = Release;
		};
		2B38F79B29C155190077099A /* Debug */ = {
			isa = XCBuildConfiguration;
			buildSettings = {
				ASSETCATALOG_COMPILER_APPICON_NAME = AppIcon;
				ASSETCATALOG_COMPILER_GLOBAL_ACCENT_COLOR_NAME = AccentColor;
				CODE_SIGN_STYLE = Automatic;
				CURRENT_PROJECT_VERSION = 1;
				DEVELOPMENT_TEAM = 7QNUJ3KXAJ;
				GENERATE_INFOPLIST_FILE = YES;
				INFOPLIST_FILE = "Nine News Assessment/Info.plist";
				INFOPLIST_KEY_CFBundleDisplayName = "Nine News";
				INFOPLIST_KEY_UIApplicationSupportsIndirectInputEvents = YES;
				INFOPLIST_KEY_UILaunchStoryboardName = LaunchScreen;
				INFOPLIST_KEY_UISupportedInterfaceOrientations = UIInterfaceOrientationPortrait;
				INFOPLIST_KEY_UISupportedInterfaceOrientations_iPad = "UIInterfaceOrientationPortrait UIInterfaceOrientationPortraitUpsideDown UIInterfaceOrientationLandscapeLeft UIInterfaceOrientationLandscapeRight";
				INFOPLIST_KEY_UISupportedInterfaceOrientations_iPhone = "UIInterfaceOrientationPortrait UIInterfaceOrientationLandscapeLeft UIInterfaceOrientationLandscapeRight";
				LD_RUNPATH_SEARCH_PATHS = (
					"$(inherited)",
					"@executable_path/Frameworks",
				);
				MARKETING_VERSION = 1.0.0;
				PRODUCT_BUNDLE_IDENTIFIER = "com.mindhyve.practice.nine-assessment.Nine-News-Assessment";
				PRODUCT_NAME = "$(TARGET_NAME)";
				SWIFT_EMIT_LOC_STRINGS = YES;
				SWIFT_VERSION = 5.0;
				TARGETED_DEVICE_FAMILY = 1;
			};
			name = Debug;
		};
		2B38F79C29C155190077099A /* Release */ = {
			isa = XCBuildConfiguration;
			buildSettings = {
				ASSETCATALOG_COMPILER_APPICON_NAME = AppIcon;
				ASSETCATALOG_COMPILER_GLOBAL_ACCENT_COLOR_NAME = AccentColor;
				CODE_SIGN_STYLE = Automatic;
				CURRENT_PROJECT_VERSION = 1;
				DEVELOPMENT_TEAM = 7QNUJ3KXAJ;
				GENERATE_INFOPLIST_FILE = YES;
				INFOPLIST_FILE = "Nine News Assessment/Info.plist";
				INFOPLIST_KEY_CFBundleDisplayName = "Nine News";
				INFOPLIST_KEY_UIApplicationSupportsIndirectInputEvents = YES;
				INFOPLIST_KEY_UILaunchStoryboardName = LaunchScreen;
				INFOPLIST_KEY_UISupportedInterfaceOrientations = UIInterfaceOrientationPortrait;
				INFOPLIST_KEY_UISupportedInterfaceOrientations_iPad = "UIInterfaceOrientationPortrait UIInterfaceOrientationPortraitUpsideDown UIInterfaceOrientationLandscapeLeft UIInterfaceOrientationLandscapeRight";
				INFOPLIST_KEY_UISupportedInterfaceOrientations_iPhone = "UIInterfaceOrientationPortrait UIInterfaceOrientationLandscapeLeft UIInterfaceOrientationLandscapeRight";
				LD_RUNPATH_SEARCH_PATHS = (
					"$(inherited)",
					"@executable_path/Frameworks",
				);
				MARKETING_VERSION = 1.0.0;
				PRODUCT_BUNDLE_IDENTIFIER = "com.mindhyve.practice.nine-assessment.Nine-News-Assessment";
				PRODUCT_NAME = "$(TARGET_NAME)";
				SWIFT_EMIT_LOC_STRINGS = YES;
				SWIFT_VERSION = 5.0;
				TARGETED_DEVICE_FAMILY = 1;
			};
			name = Release;
		};
/* End XCBuildConfiguration section */

/* Begin XCConfigurationList section */
		2B38F78129C155180077099A /* Build configuration list for PBXProject "Nine News Assessment" */ = {
			isa = XCConfigurationList;
			buildConfigurations = (
				2B38F79829C155190077099A /* Debug */,
				2B38F79929C155190077099A /* Release */,
			);
			defaultConfigurationIsVisible = 0;
			defaultConfigurationName = Release;
		};
		2B38F79A29C155190077099A /* Build configuration list for PBXNativeTarget "Nine News Assessment" */ = {
			isa = XCConfigurationList;
			buildConfigurations = (
				2B38F79B29C155190077099A /* Debug */,
				2B38F79C29C155190077099A /* Release */,
			);
			defaultConfigurationIsVisible = 0;
			defaultConfigurationName = Release;
		};
/* End XCConfigurationList section */
	};
	rootObject = 2B38F77E29C155180077099A /* Project object */;
}
